
Microsoft Visual Studio Solution File, Format Version 12.00
# Visual Studio Version 17
VisualStudioVersion = 17.9.34622.214
MinimumVisualStudioVersion = 10.0.40219.1
Project("{9A19103F-16F7-4668-BE54-9A1E7A4F7556}") = "Exercicio. 07", "Exercicio. 07\Exercicio. 07.csproj", "{AE96F65E-2AD9-471E-AAEB-2426DB57119D}"
EndProject
Project("{2150E333-8FDC-42A3-9474-1A3956D46DE8}") = "Exercicio - 07", "Exercicio - 07", "{9882FD9F-1EDB-470E-B7E4-C2E78DB2ABD0}"
EndProject
Project("{9A19103F-16F7-4668-BE54-9A1E7A4F7556}") = "Exercicio. 08", "Exercicio. 08\Exercicio. 08.csproj", "{8C2E14A2-85AC-4541-9FAC-39DFCD5470F2}"
EndProject
Project("{2150E333-8FDC-42A3-9474-1A3956D46DE8}") = "Exercicio - 08", "Exercicio - 08", "{E0DFF71E-D319-4DFA-AE9D-16F8EF811639}"
EndProject
Project("{9A19103F-16F7-4668-BE54-9A1E7A4F7556}") = "Exercicio. 09", "Exercicio. 09\Exercicio. 09.csproj", "{E457C74D-C8CB-4D95-BB85-516297B8AA46}"
EndProject
Project("{2150E333-8FDC-42A3-9474-1A3956D46DE8}") = "Exercicio - 09", "Exercicio - 09", "{49457317-E4D7-4A79-A52C-FE41972AE856}"
EndProject
Project("{9A19103F-16F7-4668-BE54-9A1E7A4F7556}") = "Exercicio. 10", "Exercicio. 10\Exercicio. 10.csproj", "{0A33A225-AAB1-4131-918B-C4A5D7131DEF}"
EndProject
Project("{2150E333-8FDC-42A3-9474-1A3956D46DE8}") = "Exercicio - 10", "Exercicio - 10", "{D5DED3B2-29C7-4AD3-B605-9C300F752704}"
EndProject
Project("{2150E333-8FDC-42A3-9474-1A3956D46DE8}") = "Exercicio - 12", "Exercicio - 12", "{A6D8E0A8-FAEA-4409-A64F-2CA7D32D571A}"
EndProject
Project("{9A19103F-16F7-4668-BE54-9A1E7A4F7556}") = "Exercicio. 13", "Exercicio. 13\Exercicio. 13.csproj", "{F5E1DE6C-192D-452B-B60D-5680B1E8C114}"
EndProject
Project("{9A19103F-16F7-4668-BE54-9A1E7A4F7556}") = "Exercicio. 01", "Exercicio. 01\Exercicio. 01.csproj", "{299E9298-55DE-4A79-97A9-4A1C7FBC7537}"
EndProject
Project("{9A19103F-16F7-4668-BE54-9A1E7A4F7556}") = "Exercicio. 02", "Exercicio. 02\Exercicio. 02.csproj", "{5B58C181-0CD0-405F-BB25-2C0D9166B476}"
EndProject
Project("{2150E333-8FDC-42A3-9474-1A3956D46DE8}") = "Exercicio - 01", "Exercicio - 01", "{397EB265-4C0D-403E-B8C5-FF0C91944728}"
EndProject
Project("{2150E333-8FDC-42A3-9474-1A3956D46DE8}") = "Exercicio - 02", "Exercicio - 02", "{4EA3C6C9-470C-49DE-BF33-54B8C2D3F70D}"
EndProject
Project("{2150E333-8FDC-42A3-9474-1A3956D46DE8}") = "Exercicio - 13", "Exercicio - 13", "{14AA7258-7CB0-4AEE-8DEA-3DD104D6D3D5}"
EndProject
Project("{9A19103F-16F7-4668-BE54-9A1E7A4F7556}") = "Exercicio. 12", "Exercicio. 12\Exercicio. 12.csproj", "{E54771A1-EFE7-47FE-8AFC-918D3C2D41FA}"
EndProject
Project("{9A19103F-16F7-4668-BE54-9A1E7A4F7556}") = "Exercicio. 14", "Exercicio. 14\Exercicio. 14.csproj", "{70FD5A18-0996-49A0-9ACC-6D3604626915}"
EndProject
Project("{2150E333-8FDC-42A3-9474-1A3956D46DE8}") = "Exercicio - 14", "Exercicio - 14", "{6D7E1A36-D994-48AC-889C-4D4E0AABDE42}"
EndProject
Project("{9A19103F-16F7-4668-BE54-9A1E7A4F7556}") = "Exercicio. 15", "Exercicio. 15\Exercicio. 15.csproj", "{56B07B89-602B-400E-8381-F04D17B94640}"
EndProject
Project("{2150E333-8FDC-42A3-9474-1A3956D46DE8}") = "Exercicio - 15", "Exercicio - 15", "{B3465589-7B9C-4E8E-BD65-FDE1F78B877B}"
EndProject
Project("{9A19103F-16F7-4668-BE54-9A1E7A4F7556}") = "Exercicio. 16", "Exercicio. 16\Exercicio. 16.csproj", "{6E5642B8-59DF-4EC4-9989-C4E850B86D1F}"
EndProject
Project("{2150E333-8FDC-42A3-9474-1A3956D46DE8}") = "Exercicio - 16", "Exercicio - 16", "{FB2996EA-DE6F-461F-8BCE-2D680A7DA1E5}"
EndProject
Project("{9A19103F-16F7-4668-BE54-9A1E7A4F7556}") = "Exercicio. 17", "Exercicio. 17\Exercicio. 17.csproj", "{8107971B-9E65-4EDA-BDF1-C349471DD4AC}"
EndProject
Project("{2150E333-8FDC-42A3-9474-1A3956D46DE8}") = "Exercicio - 17", "Exercicio - 17", "{86666154-0362-4CE6-8717-83148A08418F}"
EndProject
Project("{9A19103F-16F7-4668-BE54-9A1E7A4F7556}") = "Exercicio. 18", "Exercicio. 18\Exercicio. 18.csproj", "{596F5445-E03A-42B9-B63D-38768C5F3884}"
EndProject
Project("{2150E333-8FDC-42A3-9474-1A3956D46DE8}") = "Exercicio - 18", "Exercicio - 18", "{A561A6FC-0497-4F92-BB60-16D0ABB14D13}"
EndProject
Project("{9A19103F-16F7-4668-BE54-9A1E7A4F7556}") = "Exercicio. 19", "Exercicio. 19\Exercicio. 19.csproj", "{B7A212E5-6301-410D-9DA3-3096D599E003}"
EndProject
Project("{2150E333-8FDC-42A3-9474-1A3956D46DE8}") = "Exercicio - 19", "Exercicio - 19", "{654447E9-E5C7-4B18-B6E2-FA9E226433CF}"
EndProject
Project("{9A19103F-16F7-4668-BE54-9A1E7A4F7556}") = "Exercicio. 20", "Exercicio. 20\Exercicio. 20.csproj", "{5C389D5D-283E-4FFD-A261-AD5457F13CD1}"
EndProject
Project("{2150E333-8FDC-42A3-9474-1A3956D46DE8}") = "Exercicio - 20", "Exercicio - 20", "{FDDB2206-0AD0-4AAF-9695-2EA5B569A619}"
EndProject
Project("{2150E333-8FDC-42A3-9474-1A3956D46DE8}") = "Exercicio - 21", "Exercicio - 21", "{E2FA8F7A-DD91-41EE-841F-4CF1413C59DE}"
EndProject
Project("{9A19103F-16F7-4668-BE54-9A1E7A4F7556}") = "exercicio. 21", "exercicio. 21\exercicio. 21.csproj", "{93AD5AB6-6E2F-4082-9F52-9C750E0433D4}"
EndProject
Project("{FAE04EC0-301F-11D3-BF4B-00C04F79EFBC}") = "Exercicio. 03", "Exercicio. 03\Exercicio. 03.csproj", "{81D3190A-A59C-430F-B245-B6992C8DE830}"
EndProject
Project("{2150E333-8FDC-42A3-9474-1A3956D46DE8}") = "Exercicio - 03", "Exercicio - 03", "{795AEFB1-6627-4995-A394-29D01131F2E1}"
EndProject
Global
	GlobalSection(SolutionConfigurationPlatforms) = preSolution
		Debug|Any CPU = Debug|Any CPU
		Release|Any CPU = Release|Any CPU
	EndGlobalSection
	GlobalSection(ProjectConfigurationPlatforms) = postSolution
		{AE96F65E-2AD9-471E-AAEB-2426DB57119D}.Debug|Any CPU.ActiveCfg = Debug|Any CPU
		{AE96F65E-2AD9-471E-AAEB-2426DB57119D}.Debug|Any CPU.Build.0 = Debug|Any CPU
		{AE96F65E-2AD9-471E-AAEB-2426DB57119D}.Release|Any CPU.ActiveCfg = Release|Any CPU
		{AE96F65E-2AD9-471E-AAEB-2426DB57119D}.Release|Any CPU.Build.0 = Release|Any CPU
		{8C2E14A2-85AC-4541-9FAC-39DFCD5470F2}.Debug|Any CPU.ActiveCfg = Debug|Any CPU
		{8C2E14A2-85AC-4541-9FAC-39DFCD5470F2}.Debug|Any CPU.Build.0 = Debug|Any CPU
		{8C2E14A2-85AC-4541-9FAC-39DFCD5470F2}.Release|Any CPU.ActiveCfg = Release|Any CPU
		{8C2E14A2-85AC-4541-9FAC-39DFCD5470F2}.Release|Any CPU.Build.0 = Release|Any CPU
		{E457C74D-C8CB-4D95-BB85-516297B8AA46}.Debug|Any CPU.ActiveCfg = Debug|Any CPU
		{E457C74D-C8CB-4D95-BB85-516297B8AA46}.Debug|Any CPU.Build.0 = Debug|Any CPU
		{E457C74D-C8CB-4D95-BB85-516297B8AA46}.Release|Any CPU.ActiveCfg = Release|Any CPU
		{E457C74D-C8CB-4D95-BB85-516297B8AA46}.Release|Any CPU.Build.0 = Release|Any CPU
		{0A33A225-AAB1-4131-918B-C4A5D7131DEF}.Debug|Any CPU.ActiveCfg = Debug|Any CPU
		{0A33A225-AAB1-4131-918B-C4A5D7131DEF}.Debug|Any CPU.Build.0 = Debug|Any CPU
		{0A33A225-AAB1-4131-918B-C4A5D7131DEF}.Release|Any CPU.ActiveCfg = Release|Any CPU
		{0A33A225-AAB1-4131-918B-C4A5D7131DEF}.Release|Any CPU.Build.0 = Release|Any CPU
		{F5E1DE6C-192D-452B-B60D-5680B1E8C114}.Debug|Any CPU.ActiveCfg = Debug|Any CPU
		{F5E1DE6C-192D-452B-B60D-5680B1E8C114}.Debug|Any CPU.Build.0 = Debug|Any CPU
		{F5E1DE6C-192D-452B-B60D-5680B1E8C114}.Release|Any CPU.ActiveCfg = Release|Any CPU
		{F5E1DE6C-192D-452B-B60D-5680B1E8C114}.Release|Any CPU.Build.0 = Release|Any CPU
		{299E9298-55DE-4A79-97A9-4A1C7FBC7537}.Debug|Any CPU.ActiveCfg = Debug|Any CPU
		{299E9298-55DE-4A79-97A9-4A1C7FBC7537}.Debug|Any CPU.Build.0 = Debug|Any CPU
		{299E9298-55DE-4A79-97A9-4A1C7FBC7537}.Release|Any CPU.ActiveCfg = Release|Any CPU
		{299E9298-55DE-4A79-97A9-4A1C7FBC7537}.Release|Any CPU.Build.0 = Release|Any CPU
		{5B58C181-0CD0-405F-BB25-2C0D9166B476}.Debug|Any CPU.ActiveCfg = Debug|Any CPU
		{5B58C181-0CD0-405F-BB25-2C0D9166B476}.Debug|Any CPU.Build.0 = Debug|Any CPU
		{5B58C181-0CD0-405F-BB25-2C0D9166B476}.Release|Any CPU.ActiveCfg = Release|Any CPU
		{5B58C181-0CD0-405F-BB25-2C0D9166B476}.Release|Any CPU.Build.0 = Release|Any CPU
		{E54771A1-EFE7-47FE-8AFC-918D3C2D41FA}.Debug|Any CPU.ActiveCfg = Debug|Any CPU
		{E54771A1-EFE7-47FE-8AFC-918D3C2D41FA}.Debug|Any CPU.Build.0 = Debug|Any CPU
		{E54771A1-EFE7-47FE-8AFC-918D3C2D41FA}.Release|Any CPU.ActiveCfg = Release|Any CPU
		{E54771A1-EFE7-47FE-8AFC-918D3C2D41FA}.Release|Any CPU.Build.0 = Release|Any CPU
		{70FD5A18-0996-49A0-9ACC-6D3604626915}.Debug|Any CPU.ActiveCfg = Debug|Any CPU
		{70FD5A18-0996-49A0-9ACC-6D3604626915}.Debug|Any CPU.Build.0 = Debug|Any CPU
		{70FD5A18-0996-49A0-9ACC-6D3604626915}.Release|Any CPU.ActiveCfg = Release|Any CPU
		{70FD5A18-0996-49A0-9ACC-6D3604626915}.Release|Any CPU.Build.0 = Release|Any CPU
		{56B07B89-602B-400E-8381-F04D17B94640}.Debug|Any CPU.ActiveCfg = Debug|Any CPU
		{56B07B89-602B-400E-8381-F04D17B94640}.Debug|Any CPU.Build.0 = Debug|Any CPU
		{56B07B89-602B-400E-8381-F04D17B94640}.Release|Any CPU.ActiveCfg = Release|Any CPU
		{56B07B89-602B-400E-8381-F04D17B94640}.Release|Any CPU.Build.0 = Release|Any CPU
		{6E5642B8-59DF-4EC4-9989-C4E850B86D1F}.Debug|Any CPU.ActiveCfg = Debug|Any CPU
		{6E5642B8-59DF-4EC4-9989-C4E850B86D1F}.Debug|Any CPU.Build.0 = Debug|Any CPU
		{6E5642B8-59DF-4EC4-9989-C4E850B86D1F}.Release|Any CPU.ActiveCfg = Release|Any CPU
		{6E5642B8-59DF-4EC4-9989-C4E850B86D1F}.Release|Any CPU.Build.0 = Release|Any CPU
		{8107971B-9E65-4EDA-BDF1-C349471DD4AC}.Debug|Any CPU.ActiveCfg = Debug|Any CPU
		{8107971B-9E65-4EDA-BDF1-C349471DD4AC}.Debug|Any CPU.Build.0 = Debug|Any CPU
		{8107971B-9E65-4EDA-BDF1-C349471DD4AC}.Release|Any CPU.ActiveCfg = Release|Any CPU
		{8107971B-9E65-4EDA-BDF1-C349471DD4AC}.Release|Any CPU.Build.0 = Release|Any CPU
		{596F5445-E03A-42B9-B63D-38768C5F3884}.Debug|Any CPU.ActiveCfg = Debug|Any CPU
		{596F5445-E03A-42B9-B63D-38768C5F3884}.Debug|Any CPU.Build.0 = Debug|Any CPU
		{596F5445-E03A-42B9-B63D-38768C5F3884}.Release|Any CPU.ActiveCfg = Release|Any CPU
		{596F5445-E03A-42B9-B63D-38768C5F3884}.Release|Any CPU.Build.0 = Release|Any CPU
		{B7A212E5-6301-410D-9DA3-3096D599E003}.Debug|Any CPU.ActiveCfg = Debug|Any CPU
		{B7A212E5-6301-410D-9DA3-3096D599E003}.Debug|Any CPU.Build.0 = Debug|Any CPU
		{B7A212E5-6301-410D-9DA3-3096D599E003}.Release|Any CPU.ActiveCfg = Release|Any CPU
		{B7A212E5-6301-410D-9DA3-3096D599E003}.Release|Any CPU.Build.0 = Release|Any CPU
		{5C389D5D-283E-4FFD-A261-AD5457F13CD1}.Debug|Any CPU.ActiveCfg = Debug|Any CPU
		{5C389D5D-283E-4FFD-A261-AD5457F13CD1}.Debug|Any CPU.Build.0 = Debug|Any CPU
		{5C389D5D-283E-4FFD-A261-AD5457F13CD1}.Release|Any CPU.ActiveCfg = Release|Any CPU
		{5C389D5D-283E-4FFD-A261-AD5457F13CD1}.Release|Any CPU.Build.0 = Release|Any CPU
		{93AD5AB6-6E2F-4082-9F52-9C750E0433D4}.Debug|Any CPU.ActiveCfg = Debug|Any CPU
		{93AD5AB6-6E2F-4082-9F52-9C750E0433D4}.Debug|Any CPU.Build.0 = Debug|Any CPU
		{93AD5AB6-6E2F-4082-9F52-9C750E0433D4}.Release|Any CPU.ActiveCfg = Release|Any CPU
		{93AD5AB6-6E2F-4082-9F52-9C750E0433D4}.Release|Any CPU.Build.0 = Release|Any CPU
		{81D3190A-A59C-430F-B245-B6992C8DE830}.Debug|Any CPU.ActiveCfg = Debug|Any CPU
		{81D3190A-A59C-430F-B245-B6992C8DE830}.Debug|Any CPU.Build.0 = Debug|Any CPU
		{81D3190A-A59C-430F-B245-B6992C8DE830}.Release|Any CPU.ActiveCfg = Release|Any CPU
		{81D3190A-A59C-430F-B245-B6992C8DE830}.Release|Any CPU.Build.0 = Release|Any CPU
	EndGlobalSection
	GlobalSection(SolutionProperties) = preSolution
		HideSolutionNode = FALSE
	EndGlobalSection
	GlobalSection(NestedProjects) = preSolution
		{AE96F65E-2AD9-471E-AAEB-2426DB57119D} = {9882FD9F-1EDB-470E-B7E4-C2E78DB2ABD0}
		{8C2E14A2-85AC-4541-9FAC-39DFCD5470F2} = {E0DFF71E-D319-4DFA-AE9D-16F8EF811639}
		{E457C74D-C8CB-4D95-BB85-516297B8AA46} = {49457317-E4D7-4A79-A52C-FE41972AE856}
		{0A33A225-AAB1-4131-918B-C4A5D7131DEF} = {D5DED3B2-29C7-4AD3-B605-9C300F752704}
		{F5E1DE6C-192D-452B-B60D-5680B1E8C114} = {14AA7258-7CB0-4AEE-8DEA-3DD104D6D3D5}
		{299E9298-55DE-4A79-97A9-4A1C7FBC7537} = {397EB265-4C0D-403E-B8C5-FF0C91944728}
		{5B58C181-0CD0-405F-BB25-2C0D9166B476} = {4EA3C6C9-470C-49DE-BF33-54B8C2D3F70D}
		{E54771A1-EFE7-47FE-8AFC-918D3C2D41FA} = {A6D8E0A8-FAEA-4409-A64F-2CA7D32D571A}
		{70FD5A18-0996-49A0-9ACC-6D3604626915} = {6D7E1A36-D994-48AC-889C-4D4E0AABDE42}
		{56B07B89-602B-400E-8381-F04D17B94640} = {B3465589-7B9C-4E8E-BD65-FDE1F78B877B}
		{6E5642B8-59DF-4EC4-9989-C4E850B86D1F} = {FB2996EA-DE6F-461F-8BCE-2D680A7DA1E5}
		{8107971B-9E65-4EDA-BDF1-C349471DD4AC} = {86666154-0362-4CE6-8717-83148A08418F}
		{596F5445-E03A-42B9-B63D-38768C5F3884} = {A561A6FC-0497-4F92-BB60-16D0ABB14D13}
		{B7A212E5-6301-410D-9DA3-3096D599E003} = {654447E9-E5C7-4B18-B6E2-FA9E226433CF}
		{5C389D5D-283E-4FFD-A261-AD5457F13CD1} = {FDDB2206-0AD0-4AAF-9695-2EA5B569A619}
		{93AD5AB6-6E2F-4082-9F52-9C750E0433D4} = {E2FA8F7A-DD91-41EE-841F-4CF1413C59DE}
		{81D3190A-A59C-430F-B245-B6992C8DE830} = {795AEFB1-6627-4995-A394-29D01131F2E1}
	EndGlobalSection
	GlobalSection(ExtensibilityGlobals) = postSolution
		SolutionGuid = {42F6B2DC-5E14-495B-8FF8-AEB855F8A77E}
	EndGlobalSection
EndGlobal
