
Microsoft Visual Studio Solution File, Format Version 12.00
# Visual Studio Version 17
VisualStudioVersion = 17.9.34622.214
MinimumVisualStudioVersion = 10.0.40219.1
Project("{9A19103F-16F7-4668-BE54-9A1E7A4F7556}") = "Exercicio. 07", "Exercicio. 07\Exercicio. 07.csproj", "{AE96F65E-2AD9-471E-AAEB-2426DB57119D}"
EndProject
Project("{2150E333-8FDC-42A3-9474-1A3956D46DE8}") = "Exercicio - 07", "Exercicio - 07", "{9882FD9F-1EDB-470E-B7E4-C2E78DB2ABD0}"
EndProject
Project("{9A19103F-16F7-4668-BE54-9A1E7A4F7556}") = "Exercicio. 08", "Exercicio. 08\Exercicio. 08.csproj", "{8C2E14A2-85AC-4541-9FAC-39DFCD5470F2}"
EndProject
Project("{2150E333-8FDC-42A3-9474-1A3956D46DE8}") = "Exercicio - 08", "Exercicio - 08", "{E0DFF71E-D319-4DFA-AE9D-16F8EF811639}"
EndProject
Project("{9A19103F-16F7-4668-BE54-9A1E7A4F7556}") = "Exercicio. 09", "Exercicio. 09\Exercicio. 09.csproj", "{E457C74D-C8CB-4D95-BB85-516297B8AA46}"
EndProject
Project("{2150E333-8FDC-42A3-9474-1A3956D46DE8}") = "Exercicio - 09", "Exercicio - 09", "{49457317-E4D7-4A79-A52C-FE41972AE856}"
EndProject
Project("{9A19103F-16F7-4668-BE54-9A1E7A4F7556}") = "Exercicio. 10", "Exercicio. 10\Exercicio. 10.csproj", "{0A33A225-AAB1-4131-918B-C4A5D7131DEF}"
EndProject
Project("{2150E333-8FDC-42A3-9474-1A3956D46DE8}") = "Exercicio - 10", "Exercicio - 10", "{D5DED3B2-29C7-4AD3-B605-9C300F752704}"
EndProject
Project("{2150E333-8FDC-42A3-9474-1A3956D46DE8}") = "Exercicio - 12", "Exercicio - 12", "{A6D8E0A8-FAEA-4409-A64F-2CA7D32D571A}"
EndProject
Project("{9A19103F-16F7-4668-BE54-9A1E7A4F7556}") = "Exercicio. 13", "Exercicio. 13\Exercicio. 13.csproj", "{F5E1DE6C-192D-452B-B60D-5680B1E8C114}"
EndProject
Project("{9A19103F-16F7-4668-BE54-9A1E7A4F7556}") = "Exercicio. 01", "Exercicio. 01\Exercicio. 01.csproj", "{299E9298-55DE-4A79-97A9-4A1C7FBC7537}"
EndProject
Project("{9A19103F-16F7-4668-BE54-9A1E7A4F7556}") = "Exercicio. 02", "Exercicio. 02\Exercicio. 02.csproj", "{5B58C181-0CD0-405F-BB25-2C0D9166B476}"
EndProject
Project("{2150E333-8FDC-42A3-9474-1A3956D46DE8}") = "Exercicio - 01", "Exercicio - 01", "{397EB265-4C0D-403E-B8C5-FF0C91944728}"
EndProject
Project("{2150E333-8FDC-42A3-9474-1A3956D46DE8}") = "Exercicio - 02", "Exercicio - 02", "{4EA3C6C9-470C-49DE-BF33-54B8C2D3F70D}"
EndProject
Project("{2150E333-8FDC-42A3-9474-1A3956D46DE8}") = "Exercicio - 13", "Exercicio - 13", "{14AA7258-7CB0-4AEE-8DEA-3DD104D6D3D5}"
EndProject
Project("{9A19103F-16F7-4668-BE54-9A1E7A4F7556}") = "Exercicio. 12", "Exercicio. 12\Exercicio. 12.csproj", "{E54771A1-EFE7-47FE-8AFC-918D3C2D41FA}"
EndProject
Global
	GlobalSection(SolutionConfigurationPlatforms) = preSolution
		Debug|Any CPU = Debug|Any CPU
		Release|Any CPU = Release|Any CPU
	EndGlobalSection
	GlobalSection(ProjectConfigurationPlatforms) = postSolution
		{AE96F65E-2AD9-471E-AAEB-2426DB57119D}.Debug|Any CPU.ActiveCfg = Debug|Any CPU
		{AE96F65E-2AD9-471E-AAEB-2426DB57119D}.Debug|Any CPU.Build.0 = Debug|Any CPU
		{AE96F65E-2AD9-471E-AAEB-2426DB57119D}.Release|Any CPU.ActiveCfg = Release|Any CPU
		{AE96F65E-2AD9-471E-AAEB-2426DB57119D}.Release|Any CPU.Build.0 = Release|Any CPU
		{8C2E14A2-85AC-4541-9FAC-39DFCD5470F2}.Debug|Any CPU.ActiveCfg = Debug|Any CPU
		{8C2E14A2-85AC-4541-9FAC-39DFCD5470F2}.Debug|Any CPU.Build.0 = Debug|Any CPU
		{8C2E14A2-85AC-4541-9FAC-39DFCD5470F2}.Release|Any CPU.ActiveCfg = Release|Any CPU
		{8C2E14A2-85AC-4541-9FAC-39DFCD5470F2}.Release|Any CPU.Build.0 = Release|Any CPU
		{E457C74D-C8CB-4D95-BB85-516297B8AA46}.Debug|Any CPU.ActiveCfg = Debug|Any CPU
		{E457C74D-C8CB-4D95-BB85-516297B8AA46}.Debug|Any CPU.Build.0 = Debug|Any CPU
		{E457C74D-C8CB-4D95-BB85-516297B8AA46}.Release|Any CPU.ActiveCfg = Release|Any CPU
		{E457C74D-C8CB-4D95-BB85-516297B8AA46}.Release|Any CPU.Build.0 = Release|Any CPU
		{0A33A225-AAB1-4131-918B-C4A5D7131DEF}.Debug|Any CPU.ActiveCfg = Debug|Any CPU
		{0A33A225-AAB1-4131-918B-C4A5D7131DEF}.Debug|Any CPU.Build.0 = Debug|Any CPU
		{0A33A225-AAB1-4131-918B-C4A5D7131DEF}.Release|Any CPU.ActiveCfg = Release|Any CPU
		{0A33A225-AAB1-4131-918B-C4A5D7131DEF}.Release|Any CPU.Build.0 = Release|Any CPU
		{F5E1DE6C-192D-452B-B60D-5680B1E8C114}.Debug|Any CPU.ActiveCfg = Debug|Any CPU
		{F5E1DE6C-192D-452B-B60D-5680B1E8C114}.Debug|Any CPU.Build.0 = Debug|Any CPU
		{F5E1DE6C-192D-452B-B60D-5680B1E8C114}.Release|Any CPU.ActiveCfg = Release|Any CPU
		{F5E1DE6C-192D-452B-B60D-5680B1E8C114}.Release|Any CPU.Build.0 = Release|Any CPU
		{299E9298-55DE-4A79-97A9-4A1C7FBC7537}.Debug|Any CPU.ActiveCfg = Debug|Any CPU
		{299E9298-55DE-4A79-97A9-4A1C7FBC7537}.Debug|Any CPU.Build.0 = Debug|Any CPU
		{299E9298-55DE-4A79-97A9-4A1C7FBC7537}.Release|Any CPU.ActiveCfg = Release|Any CPU
		{299E9298-55DE-4A79-97A9-4A1C7FBC7537}.Release|Any CPU.Build.0 = Release|Any CPU
		{5B58C181-0CD0-405F-BB25-2C0D9166B476}.Debug|Any CPU.ActiveCfg = Debug|Any CPU
		{5B58C181-0CD0-405F-BB25-2C0D9166B476}.Debug|Any CPU.Build.0 = Debug|Any CPU
		{5B58C181-0CD0-405F-BB25-2C0D9166B476}.Release|Any CPU.ActiveCfg = Release|Any CPU
		{5B58C181-0CD0-405F-BB25-2C0D9166B476}.Release|Any CPU.Build.0 = Release|Any CPU
		{E54771A1-EFE7-47FE-8AFC-918D3C2D41FA}.Debug|Any CPU.ActiveCfg = Debug|Any CPU
		{E54771A1-EFE7-47FE-8AFC-918D3C2D41FA}.Debug|Any CPU.Build.0 = Debug|Any CPU
		{E54771A1-EFE7-47FE-8AFC-918D3C2D41FA}.Release|Any CPU.ActiveCfg = Release|Any CPU
		{E54771A1-EFE7-47FE-8AFC-918D3C2D41FA}.Release|Any CPU.Build.0 = Release|Any CPU
	EndGlobalSection
	GlobalSection(SolutionProperties) = preSolution
		HideSolutionNode = FALSE
	EndGlobalSection
	GlobalSection(NestedProjects) = preSolution
		{AE96F65E-2AD9-471E-AAEB-2426DB57119D} = {9882FD9F-1EDB-470E-B7E4-C2E78DB2ABD0}
		{8C2E14A2-85AC-4541-9FAC-39DFCD5470F2} = {E0DFF71E-D319-4DFA-AE9D-16F8EF811639}
		{E457C74D-C8CB-4D95-BB85-516297B8AA46} = {49457317-E4D7-4A79-A52C-FE41972AE856}
		{0A33A225-AAB1-4131-918B-C4A5D7131DEF} = {D5DED3B2-29C7-4AD3-B605-9C300F752704}
		{F5E1DE6C-192D-452B-B60D-5680B1E8C114} = {14AA7258-7CB0-4AEE-8DEA-3DD104D6D3D5}
		{299E9298-55DE-4A79-97A9-4A1C7FBC7537} = {397EB265-4C0D-403E-B8C5-FF0C91944728}
		{5B58C181-0CD0-405F-BB25-2C0D9166B476} = {4EA3C6C9-470C-49DE-BF33-54B8C2D3F70D}
		{E54771A1-EFE7-47FE-8AFC-918D3C2D41FA} = {A6D8E0A8-FAEA-4409-A64F-2CA7D32D571A}
	EndGlobalSection
	GlobalSection(ExtensibilityGlobals) = postSolution
		SolutionGuid = {42F6B2DC-5E14-495B-8FF8-AEB855F8A77E}
	EndGlobalSection
EndGlobal
