
Microsoft Visual Studio Solution File, Format Version 12.00
# Visual Studio Version 17
VisualStudioVersion = 17.9.34622.214
MinimumVisualStudioVersion = 10.0.40219.1
Project("{9A19103F-16F7-4668-BE54-9A1E7A4F7556}") = "Exercicio 0.1", "Exercicios_aula_04\Exercicio 0.1.csproj", "{761D7694-C9D5-4721-94BD-91111810D191}"
EndProject
Project("{9A19103F-16F7-4668-BE54-9A1E7A4F7556}") = "Exercicio 0.2", "Exercicio 0.2\Exercicio 0.2.csproj", "{5E98692E-C00C-4B59-907D-74DE464810E4}"
EndProject
Project("{2150E333-8FDC-42A3-9474-1A3956D46DE8}") = "Exercicio - 01", "Exercicio - 01", "{EE8C6FDD-7D53-4926-8829-350E06A0A77D}"
EndProject
Project("{2150E333-8FDC-42A3-9474-1A3956D46DE8}") = "Exercicio - 02", "Exercicio - 02", "{8F62E348-9610-4A1A-A25F-564DCE1FB169}"
EndProject
Project("{9A19103F-16F7-4668-BE54-9A1E7A4F7556}") = "Exercicio. 07", "Exercicio. 07\Exercicio. 07.csproj", "{AE96F65E-2AD9-471E-AAEB-2426DB57119D}"
EndProject
Project("{2150E333-8FDC-42A3-9474-1A3956D46DE8}") = "Exercicio - 07", "Exercicio - 07", "{9882FD9F-1EDB-470E-B7E4-C2E78DB2ABD0}"
EndProject
Project("{9A19103F-16F7-4668-BE54-9A1E7A4F7556}") = "Exercicio. 08", "Exercicio. 08\Exercicio. 08.csproj", "{8C2E14A2-85AC-4541-9FAC-39DFCD5470F2}"
EndProject
Project("{2150E333-8FDC-42A3-9474-1A3956D46DE8}") = "Exercicio - 08", "Exercicio - 08", "{E0DFF71E-D319-4DFA-AE9D-16F8EF811639}"
EndProject
Project("{9A19103F-16F7-4668-BE54-9A1E7A4F7556}") = "Exercicio. 09", "Exercicio. 09\Exercicio. 09.csproj", "{E457C74D-C8CB-4D95-BB85-516297B8AA46}"
EndProject
Project("{2150E333-8FDC-42A3-9474-1A3956D46DE8}") = "Exercicio - 09", "Exercicio - 09", "{49457317-E4D7-4A79-A52C-FE41972AE856}"
EndProject
Project("{FAE04EC0-301F-11D3-BF4B-00C04F79EFBC}") = "Exercicio. 10", "Exercicio. 10\Exercicio. 10.csproj", "{0A33A225-AAB1-4131-918B-C4A5D7131DEF}"
EndProject
Project("{2150E333-8FDC-42A3-9474-1A3956D46DE8}") = "Exercicio - 10", "Exercicio - 10", "{D5DED3B2-29C7-4AD3-B605-9C300F752704}"
EndProject
Project("{FAE04EC0-301F-11D3-BF4B-00C04F79EFBC}") = "Exercicio. 12", "Exercicio. 11\Exercicio. 12.csproj", "{77B3FD1C-D427-4905-BD07-06869C6A4B14}"
EndProject
Project("{2150E333-8FDC-42A3-9474-1A3956D46DE8}") = "Exercicio - 12", "Exercicio - 12", "{A6D8E0A8-FAEA-4409-A64F-2CA7D32D571A}"
EndProject
Project("{FAE04EC0-301F-11D3-BF4B-00C04F79EFBC}") = "Exercicio. 13", "Exercicio. 13\Exercicio. 13.csproj", "{F5E1DE6C-192D-452B-B60D-5680B1E8C114}"
EndProject
Global
	GlobalSection(SolutionConfigurationPlatforms) = preSolution
		Debug|Any CPU = Debug|Any CPU
		Release|Any CPU = Release|Any CPU
	EndGlobalSection
	GlobalSection(ProjectConfigurationPlatforms) = postSolution
		{761D7694-C9D5-4721-94BD-91111810D191}.Debug|Any CPU.ActiveCfg = Debug|Any CPU
		{761D7694-C9D5-4721-94BD-91111810D191}.Debug|Any CPU.Build.0 = Debug|Any CPU
		{761D7694-C9D5-4721-94BD-91111810D191}.Release|Any CPU.ActiveCfg = Release|Any CPU
		{761D7694-C9D5-4721-94BD-91111810D191}.Release|Any CPU.Build.0 = Release|Any CPU
		{5E98692E-C00C-4B59-907D-74DE464810E4}.Debug|Any CPU.ActiveCfg = Debug|Any CPU
		{5E98692E-C00C-4B59-907D-74DE464810E4}.Debug|Any CPU.Build.0 = Debug|Any CPU
		{5E98692E-C00C-4B59-907D-74DE464810E4}.Release|Any CPU.ActiveCfg = Release|Any CPU
		{5E98692E-C00C-4B59-907D-74DE464810E4}.Release|Any CPU.Build.0 = Release|Any CPU
		{AE96F65E-2AD9-471E-AAEB-2426DB57119D}.Debug|Any CPU.ActiveCfg = Debug|Any CPU
		{AE96F65E-2AD9-471E-AAEB-2426DB57119D}.Debug|Any CPU.Build.0 = Debug|Any CPU
		{AE96F65E-2AD9-471E-AAEB-2426DB57119D}.Release|Any CPU.ActiveCfg = Release|Any CPU
		{AE96F65E-2AD9-471E-AAEB-2426DB57119D}.Release|Any CPU.Build.0 = Release|Any CPU
		{8C2E14A2-85AC-4541-9FAC-39DFCD5470F2}.Debug|Any CPU.ActiveCfg = Debug|Any CPU
		{8C2E14A2-85AC-4541-9FAC-39DFCD5470F2}.Debug|Any CPU.Build.0 = Debug|Any CPU
		{8C2E14A2-85AC-4541-9FAC-39DFCD5470F2}.Release|Any CPU.ActiveCfg = Release|Any CPU
		{8C2E14A2-85AC-4541-9FAC-39DFCD5470F2}.Release|Any CPU.Build.0 = Release|Any CPU
		{E457C74D-C8CB-4D95-BB85-516297B8AA46}.Debug|Any CPU.ActiveCfg = Debug|Any CPU
		{E457C74D-C8CB-4D95-BB85-516297B8AA46}.Debug|Any CPU.Build.0 = Debug|Any CPU
		{E457C74D-C8CB-4D95-BB85-516297B8AA46}.Release|Any CPU.ActiveCfg = Release|Any CPU
		{E457C74D-C8CB-4D95-BB85-516297B8AA46}.Release|Any CPU.Build.0 = Release|Any CPU
		{0A33A225-AAB1-4131-918B-C4A5D7131DEF}.Debug|Any CPU.ActiveCfg = Debug|Any CPU
		{0A33A225-AAB1-4131-918B-C4A5D7131DEF}.Debug|Any CPU.Build.0 = Debug|Any CPU
		{0A33A225-AAB1-4131-918B-C4A5D7131DEF}.Release|Any CPU.ActiveCfg = Release|Any CPU
		{0A33A225-AAB1-4131-918B-C4A5D7131DEF}.Release|Any CPU.Build.0 = Release|Any CPU
		{77B3FD1C-D427-4905-BD07-06869C6A4B14}.Debug|Any CPU.ActiveCfg = Debug|Any CPU
		{77B3FD1C-D427-4905-BD07-06869C6A4B14}.Debug|Any CPU.Build.0 = Debug|Any CPU
		{77B3FD1C-D427-4905-BD07-06869C6A4B14}.Release|Any CPU.ActiveCfg = Release|Any CPU
		{77B3FD1C-D427-4905-BD07-06869C6A4B14}.Release|Any CPU.Build.0 = Release|Any CPU
		{F5E1DE6C-192D-452B-B60D-5680B1E8C114}.Debug|Any CPU.ActiveCfg = Debug|Any CPU
		{F5E1DE6C-192D-452B-B60D-5680B1E8C114}.Debug|Any CPU.Build.0 = Debug|Any CPU
		{F5E1DE6C-192D-452B-B60D-5680B1E8C114}.Release|Any CPU.ActiveCfg = Release|Any CPU
		{F5E1DE6C-192D-452B-B60D-5680B1E8C114}.Release|Any CPU.Build.0 = Release|Any CPU
	EndGlobalSection
	GlobalSection(SolutionProperties) = preSolution
		HideSolutionNode = FALSE
	EndGlobalSection
	GlobalSection(NestedProjects) = preSolution
		{761D7694-C9D5-4721-94BD-91111810D191} = {EE8C6FDD-7D53-4926-8829-350E06A0A77D}
		{5E98692E-C00C-4B59-907D-74DE464810E4} = {8F62E348-9610-4A1A-A25F-564DCE1FB169}
		{AE96F65E-2AD9-471E-AAEB-2426DB57119D} = {9882FD9F-1EDB-470E-B7E4-C2E78DB2ABD0}
		{8C2E14A2-85AC-4541-9FAC-39DFCD5470F2} = {E0DFF71E-D319-4DFA-AE9D-16F8EF811639}
		{E457C74D-C8CB-4D95-BB85-516297B8AA46} = {49457317-E4D7-4A79-A52C-FE41972AE856}
		{0A33A225-AAB1-4131-918B-C4A5D7131DEF} = {D5DED3B2-29C7-4AD3-B605-9C300F752704}
		{77B3FD1C-D427-4905-BD07-06869C6A4B14} = {A6D8E0A8-FAEA-4409-A64F-2CA7D32D571A}
	EndGlobalSection
	GlobalSection(ExtensibilityGlobals) = postSolution
		SolutionGuid = {42F6B2DC-5E14-495B-8FF8-AEB855F8A77E}
	EndGlobalSection
EndGlobal
